
Microsoft Visual Studio Solution File, Format Version 11.00
# Visual Studio 2010
Project("{FAE04EC0-301F-11D3-BF4B-00C04F79EFBC}") = "Timberborn.MapEditorConstructionGuidelinesUI", "Timberborn.MapEditorConstructionGuidelinesUI\Timberborn.MapEditorConstructionGuidelinesUI.csproj", "{D53CA8FE-0901-47DA-9CE4-9D43A94314D3}"
EndProject
Project("{FAE04EC0-301F-11D3-BF4B-00C04F79EFBC}") = "Timberborn.MapEditorDemolishingUI", "Timberborn.MapEditorDemolishingUI\Timberborn.MapEditorDemolishingUI.csproj", "{D53CA8FE-0901-47DA-9CE4-9D43A94314D4}"
EndProject
Project("{FAE04EC0-301F-11D3-BF4B-00C04F79EFBC}") = "Timberborn.MapEditorHazardousWeatherUI", "Timberborn.MapEditorHazardousWeatherUI\Timberborn.MapEditorHazardousWeatherUI.csproj", "{D53CA8FE-0901-47DA-9CE4-9D43A94314D5}"
EndProject
Project("{FAE04EC0-301F-11D3-BF4B-00C04F79EFBC}") = "Timberborn.MapEditorNaturalResourcesUI", "Timberborn.MapEditorNaturalResourcesUI\Timberborn.MapEditorNaturalResourcesUI.csproj", "{D53CA8FE-0901-47DA-9CE4-9D43A94314D7}"
EndProject
Project("{FAE04EC0-301F-11D3-BF4B-00C04F79EFBC}") = "Timberborn.MapEditorNaturalResources", "Timberborn.MapEditorNaturalResources\Timberborn.MapEditorNaturalResources.csproj", "{D53CA8FE-0901-47DA-9CE4-9D43A94314D6}"
EndProject
Project("{FAE04EC0-301F-11D3-BF4B-00C04F79EFBC}") = "Timberborn.MapEditorPersistenceUI", "Timberborn.MapEditorPersistenceUI\Timberborn.MapEditorPersistenceUI.csproj", "{D53CA8FE-0901-47DA-9CE4-9D43A94314D9}"
EndProject
Project("{FAE04EC0-301F-11D3-BF4B-00C04F79EFBC}") = "Timberborn.MapEditorPersistence", "Timberborn.MapEditorPersistence\Timberborn.MapEditorPersistence.csproj", "{D53CA8FE-0901-47DA-9CE4-9D43A94314D8}"
EndProject
Project("{FAE04EC0-301F-11D3-BF4B-00C04F79EFBC}") = "Timberborn.MapEditorPlacementRandomizingUI", "Timberborn.MapEditorPlacementRandomizingUI\Timberborn.MapEditorPlacementRandomizingUI.csproj", "{D53CA8FE-0901-47DA-9CE4-9D43A94314DB}"
EndProject
Project("{FAE04EC0-301F-11D3-BF4B-00C04F79EFBC}") = "Timberborn.MapEditorPlacementRandomizing", "Timberborn.MapEditorPlacementRandomizing\Timberborn.MapEditorPlacementRandomizing.csproj", "{D53CA8FE-0901-47DA-9CE4-9D43A94314DA}"
EndProject
Project("{FAE04EC0-301F-11D3-BF4B-00C04F79EFBC}") = "Timberborn.MapEditorSceneLoading", "Timberborn.MapEditorSceneLoading\Timberborn.MapEditorSceneLoading.csproj", "{D53CA8FE-0901-47DA-9CE4-9D43A94314DD}"
EndProject
Project("{FAE04EC0-301F-11D3-BF4B-00C04F79EFBC}") = "Timberborn.MapEditorScene", "Timberborn.MapEditorScene\Timberborn.MapEditorScene.csproj", "{D53CA8FE-0901-47DA-9CE4-9D43A94314DC}"
EndProject
Project("{FAE04EC0-301F-11D3-BF4B-00C04F79EFBC}") = "Timberborn.MapEditorSimulationSystemUI", "Timberborn.MapEditorSimulationSystemUI\Timberborn.MapEditorSimulationSystemUI.csproj", "{D53CA8FE-0901-47DA-9CE4-9D43A94314DF}"
EndProject
Project("{FAE04EC0-301F-11D3-BF4B-00C04F79EFBC}") = "Timberborn.MapEditorSimulationSystem", "Timberborn.MapEditorSimulationSystem\Timberborn.MapEditorSimulationSystem.csproj", "{D53CA8FE-0901-47DA-9CE4-9D43A94314DE}"
EndProject
Project("{FAE04EC0-301F-11D3-BF4B-00C04F79EFBC}") = "Timberborn.MapEditorStartup", "Timberborn.MapEditorStartup\Timberborn.MapEditorStartup.csproj", "{D53CA8FE-0901-47DA-9CE4-9D43A94314E0}"
EndProject
Project("{FAE04EC0-301F-11D3-BF4B-00C04F79EFBC}") = "Timberborn.MapEditorStockpilesUI", "Timberborn.MapEditorStockpilesUI\Timberborn.MapEditorStockpilesUI.csproj", "{D53CA8FE-0901-47DA-9CE4-9D43A94314E1}"
EndProject
Project("{FAE04EC0-301F-11D3-BF4B-00C04F79EFBC}") = "Timberborn.MapEditorTickSystem", "Timberborn.MapEditorTickSystem\Timberborn.MapEditorTickSystem.csproj", "{D53CA8FE-0901-47DA-9CE4-9D43A94314E2}"
EndProject
Project("{FAE04EC0-301F-11D3-BF4B-00C04F79EFBC}") = "Timberborn.MapEditorUI", "Timberborn.MapEditorUI\Timberborn.MapEditorUI.csproj", "{D53CA8FE-0901-47DA-9CE4-9D43A94314E3}"
EndProject
Project("{FAE04EC0-301F-11D3-BF4B-00C04F79EFBC}") = "Timberborn.MapEditorWaterSourceSystemUI", "Timberborn.MapEditorWaterSourceSystemUI\Timberborn.MapEditorWaterSourceSystemUI.csproj", "{D53CA8FE-0901-47DA-9CE4-9D43A94314E4}"
EndProject
Global
	GlobalSection(SolutionConfigurationPlatforms) = preSolution
		Debug|Any CPU = Debug|Any CPU
		Release|Any CPU = Release|Any CPU
	EndGlobalSection
	GlobalSection(ProjectConfigurationPlatforms) = postSolution
		{D53CA8FE-0901-47DA-9CE4-9D43A94314D3}.Debug|Any CPU.ActiveCfg = Debug|Any CPU
		{D53CA8FE-0901-47DA-9CE4-9D43A94314D3}.Debug|Any CPU.Build.0 = Debug|Any CPU
		{D53CA8FE-0901-47DA-9CE4-9D43A94314D3}.Release|Any CPU.ActiveCfg = Release|Any CPU
		{D53CA8FE-0901-47DA-9CE4-9D43A94314D3}.Release|Any CPU.Build.0 = Release|Any CPU
		{D53CA8FE-0901-47DA-9CE4-9D43A94314D4}.Debug|Any CPU.ActiveCfg = Debug|Any CPU
		{D53CA8FE-0901-47DA-9CE4-9D43A94314D4}.Debug|Any CPU.Build.0 = Debug|Any CPU
		{D53CA8FE-0901-47DA-9CE4-9D43A94314D4}.Release|Any CPU.ActiveCfg = Release|Any CPU
		{D53CA8FE-0901-47DA-9CE4-9D43A94314D4}.Release|Any CPU.Build.0 = Release|Any CPU
		{D53CA8FE-0901-47DA-9CE4-9D43A94314D5}.Debug|Any CPU.ActiveCfg = Debug|Any CPU
		{D53CA8FE-0901-47DA-9CE4-9D43A94314D5}.Debug|Any CPU.Build.0 = Debug|Any CPU
		{D53CA8FE-0901-47DA-9CE4-9D43A94314D5}.Release|Any CPU.ActiveCfg = Release|Any CPU
		{D53CA8FE-0901-47DA-9CE4-9D43A94314D5}.Release|Any CPU.Build.0 = Release|Any CPU
		{D53CA8FE-0901-47DA-9CE4-9D43A94314D7}.Debug|Any CPU.ActiveCfg = Debug|Any CPU
		{D53CA8FE-0901-47DA-9CE4-9D43A94314D7}.Debug|Any CPU.Build.0 = Debug|Any CPU
		{D53CA8FE-0901-47DA-9CE4-9D43A94314D7}.Release|Any CPU.ActiveCfg = Release|Any CPU
		{D53CA8FE-0901-47DA-9CE4-9D43A94314D7}.Release|Any CPU.Build.0 = Release|Any CPU
		{D53CA8FE-0901-47DA-9CE4-9D43A94314D6}.Debug|Any CPU.ActiveCfg = Debug|Any CPU
		{D53CA8FE-0901-47DA-9CE4-9D43A94314D6}.Debug|Any CPU.Build.0 = Debug|Any CPU
		{D53CA8FE-0901-47DA-9CE4-9D43A94314D6}.Release|Any CPU.ActiveCfg = Release|Any CPU
		{D53CA8FE-0901-47DA-9CE4-9D43A94314D6}.Release|Any CPU.Build.0 = Release|Any CPU
		{D53CA8FE-0901-47DA-9CE4-9D43A94314D9}.Debug|Any CPU.ActiveCfg = Debug|Any CPU
		{D53CA8FE-0901-47DA-9CE4-9D43A94314D9}.Debug|Any CPU.Build.0 = Debug|Any CPU
		{D53CA8FE-0901-47DA-9CE4-9D43A94314D9}.Release|Any CPU.ActiveCfg = Release|Any CPU
		{D53CA8FE-0901-47DA-9CE4-9D43A94314D9}.Release|Any CPU.Build.0 = Release|Any CPU
		{D53CA8FE-0901-47DA-9CE4-9D43A94314D8}.Debug|Any CPU.ActiveCfg = Debug|Any CPU
		{D53CA8FE-0901-47DA-9CE4-9D43A94314D8}.Debug|Any CPU.Build.0 = Debug|Any CPU
		{D53CA8FE-0901-47DA-9CE4-9D43A94314D8}.Release|Any CPU.ActiveCfg = Release|Any CPU
		{D53CA8FE-0901-47DA-9CE4-9D43A94314D8}.Release|Any CPU.Build.0 = Release|Any CPU
		{D53CA8FE-0901-47DA-9CE4-9D43A94314DB}.Debug|Any CPU.ActiveCfg = Debug|Any CPU
		{D53CA8FE-0901-47DA-9CE4-9D43A94314DB}.Debug|Any CPU.Build.0 = Debug|Any CPU
		{D53CA8FE-0901-47DA-9CE4-9D43A94314DB}.Release|Any CPU.ActiveCfg = Release|Any CPU
		{D53CA8FE-0901-47DA-9CE4-9D43A94314DB}.Release|Any CPU.Build.0 = Release|Any CPU
		{D53CA8FE-0901-47DA-9CE4-9D43A94314DA}.Debug|Any CPU.ActiveCfg = Debug|Any CPU
		{D53CA8FE-0901-47DA-9CE4-9D43A94314DA}.Debug|Any CPU.Build.0 = Debug|Any CPU
		{D53CA8FE-0901-47DA-9CE4-9D43A94314DA}.Release|Any CPU.ActiveCfg = Release|Any CPU
		{D53CA8FE-0901-47DA-9CE4-9D43A94314DA}.Release|Any CPU.Build.0 = Release|Any CPU
		{D53CA8FE-0901-47DA-9CE4-9D43A94314DD}.Debug|Any CPU.ActiveCfg = Debug|Any CPU
		{D53CA8FE-0901-47DA-9CE4-9D43A94314DD}.Debug|Any CPU.Build.0 = Debug|Any CPU
		{D53CA8FE-0901-47DA-9CE4-9D43A94314DD}.Release|Any CPU.ActiveCfg = Release|Any CPU
		{D53CA8FE-0901-47DA-9CE4-9D43A94314DD}.Release|Any CPU.Build.0 = Release|Any CPU
		{D53CA8FE-0901-47DA-9CE4-9D43A94314DC}.Debug|Any CPU.ActiveCfg = Debug|Any CPU
		{D53CA8FE-0901-47DA-9CE4-9D43A94314DC}.Debug|Any CPU.Build.0 = Debug|Any CPU
		{D53CA8FE-0901-47DA-9CE4-9D43A94314DC}.Release|Any CPU.ActiveCfg = Release|Any CPU
		{D53CA8FE-0901-47DA-9CE4-9D43A94314DC}.Release|Any CPU.Build.0 = Release|Any CPU
		{D53CA8FE-0901-47DA-9CE4-9D43A94314DF}.Debug|Any CPU.ActiveCfg = Debug|Any CPU
		{D53CA8FE-0901-47DA-9CE4-9D43A94314DF}.Debug|Any CPU.Build.0 = Debug|Any CPU
		{D53CA8FE-0901-47DA-9CE4-9D43A94314DF}.Release|Any CPU.ActiveCfg = Release|Any CPU
		{D53CA8FE-0901-47DA-9CE4-9D43A94314DF}.Release|Any CPU.Build.0 = Release|Any CPU
		{D53CA8FE-0901-47DA-9CE4-9D43A94314DE}.Debug|Any CPU.ActiveCfg = Debug|Any CPU
		{D53CA8FE-0901-47DA-9CE4-9D43A94314DE}.Debug|Any CPU.Build.0 = Debug|Any CPU
		{D53CA8FE-0901-47DA-9CE4-9D43A94314DE}.Release|Any CPU.ActiveCfg = Release|Any CPU
		{D53CA8FE-0901-47DA-9CE4-9D43A94314DE}.Release|Any CPU.Build.0 = Release|Any CPU
		{D53CA8FE-0901-47DA-9CE4-9D43A94314E0}.Debug|Any CPU.ActiveCfg = Debug|Any CPU
		{D53CA8FE-0901-47DA-9CE4-9D43A94314E0}.Debug|Any CPU.Build.0 = Debug|Any CPU
		{D53CA8FE-0901-47DA-9CE4-9D43A94314E0}.Release|Any CPU.ActiveCfg = Release|Any CPU
		{D53CA8FE-0901-47DA-9CE4-9D43A94314E0}.Release|Any CPU.Build.0 = Release|Any CPU
		{D53CA8FE-0901-47DA-9CE4-9D43A94314E1}.Debug|Any CPU.ActiveCfg = Debug|Any CPU
		{D53CA8FE-0901-47DA-9CE4-9D43A94314E1}.Debug|Any CPU.Build.0 = Debug|Any CPU
		{D53CA8FE-0901-47DA-9CE4-9D43A94314E1}.Release|Any CPU.ActiveCfg = Release|Any CPU
		{D53CA8FE-0901-47DA-9CE4-9D43A94314E1}.Release|Any CPU.Build.0 = Release|Any CPU
		{D53CA8FE-0901-47DA-9CE4-9D43A94314E2}.Debug|Any CPU.ActiveCfg = Debug|Any CPU
		{D53CA8FE-0901-47DA-9CE4-9D43A94314E2}.Debug|Any CPU.Build.0 = Debug|Any CPU
		{D53CA8FE-0901-47DA-9CE4-9D43A94314E2}.Release|Any CPU.ActiveCfg = Release|Any CPU
		{D53CA8FE-0901-47DA-9CE4-9D43A94314E2}.Release|Any CPU.Build.0 = Release|Any CPU
		{D53CA8FE-0901-47DA-9CE4-9D43A94314E3}.Debug|Any CPU.ActiveCfg = Debug|Any CPU
		{D53CA8FE-0901-47DA-9CE4-9D43A94314E3}.Debug|Any CPU.Build.0 = Debug|Any CPU
		{D53CA8FE-0901-47DA-9CE4-9D43A94314E3}.Release|Any CPU.ActiveCfg = Release|Any CPU
		{D53CA8FE-0901-47DA-9CE4-9D43A94314E3}.Release|Any CPU.Build.0 = Release|Any CPU
		{D53CA8FE-0901-47DA-9CE4-9D43A94314E4}.Debug|Any CPU.ActiveCfg = Debug|Any CPU
		{D53CA8FE-0901-47DA-9CE4-9D43A94314E4}.Debug|Any CPU.Build.0 = Debug|Any CPU
		{D53CA8FE-0901-47DA-9CE4-9D43A94314E4}.Release|Any CPU.ActiveCfg = Release|Any CPU
		{D53CA8FE-0901-47DA-9CE4-9D43A94314E4}.Release|Any CPU.Build.0 = Release|Any CPU
	EndGlobalSection
	GlobalSection(SolutionProperties) = preSolution
		HideSolutionNode = FALSE
	EndGlobalSection
EndGlobal
