
Microsoft Visual Studio Solution File, Format Version 11.00
# Visual Studio 2010
Project("{FAE04EC0-301F-11D3-BF4B-00C04F79EFBC}") = "Timberborn.BlockingSystem", "Timberborn.BlockingSystem\Timberborn.BlockingSystem.csproj", "{23DCA0B5-2BD1-4ADB-805B-31AE935EE3DD}"
EndProject
Project("{FAE04EC0-301F-11D3-BF4B-00C04F79EFBC}") = "Timberborn.BlockObjectAccesses", "Timberborn.BlockObjectAccesses\Timberborn.BlockObjectAccesses.csproj", "{23DCA0B5-2BD1-4ADB-805B-31AE935EE3DE}"
EndProject
Project("{FAE04EC0-301F-11D3-BF4B-00C04F79EFBC}") = "Timberborn.BlockObjectModelSystem", "Timberborn.BlockObjectModelSystem\Timberborn.BlockObjectModelSystem.csproj", "{23DCA0B5-2BD1-4ADB-805B-31AE935EE3DF}"
EndProject
Project("{FAE04EC0-301F-11D3-BF4B-00C04F79EFBC}") = "Timberborn.BlockObjectPickingSystem", "Timberborn.BlockObjectPickingSystem\Timberborn.BlockObjectPickingSystem.csproj", "{23DCA0B5-2BD1-4ADB-805B-31AE935EE3E0}"
EndProject
Project("{FAE04EC0-301F-11D3-BF4B-00C04F79EFBC}") = "Timberborn.BlockObjectToolsUI", "Timberborn.BlockObjectToolsUI\Timberborn.BlockObjectToolsUI.csproj", "{23DCA0B5-2BD1-4ADB-805B-31AE935EE3E2}"
EndProject
Project("{FAE04EC0-301F-11D3-BF4B-00C04F79EFBC}") = "Timberborn.BlockObjectTools", "Timberborn.BlockObjectTools\Timberborn.BlockObjectTools.csproj", "{23DCA0B5-2BD1-4ADB-805B-31AE935EE3E1}"
EndProject
Project("{FAE04EC0-301F-11D3-BF4B-00C04F79EFBC}") = "Timberborn.BlockObstacles", "Timberborn.BlockObstacles\Timberborn.BlockObstacles.csproj", "{23DCA0B5-2BD1-4ADB-805B-31AE935EE3E3}"
EndProject
Project("{FAE04EC0-301F-11D3-BF4B-00C04F79EFBC}") = "Timberborn.BlockSystemNavigation", "Timberborn.BlockSystemNavigation\Timberborn.BlockSystemNavigation.csproj", "{23DCA0B5-2BD1-4ADB-805B-31AE935EE3E5}"
EndProject
Project("{FAE04EC0-301F-11D3-BF4B-00C04F79EFBC}") = "Timberborn.BlockSystemUI", "Timberborn.BlockSystemUI\Timberborn.BlockSystemUI.csproj", "{23DCA0B5-2BD1-4ADB-805B-31AE935EE3E6}"
EndProject
Project("{FAE04EC0-301F-11D3-BF4B-00C04F79EFBC}") = "Timberborn.BlockSystem", "Timberborn.BlockSystem\Timberborn.BlockSystem.csproj", "{23DCA0B5-2BD1-4ADB-805B-31AE935EE3E4}"
EndProject
Project("{FAE04EC0-301F-11D3-BF4B-00C04F79EFBC}") = "Timberborn.MapEditorUI", "Timberborn.MapEditorUI\Timberborn.MapEditorUI.csproj", "{23DCA0B5-2BD1-4ADB-805B-31AE935EE3E7}"
EndProject
Global
	GlobalSection(SolutionConfigurationPlatforms) = preSolution
		Debug|Any CPU = Debug|Any CPU
		Release|Any CPU = Release|Any CPU
	EndGlobalSection
	GlobalSection(ProjectConfigurationPlatforms) = postSolution
		{23DCA0B5-2BD1-4ADB-805B-31AE935EE3DD}.Debug|Any CPU.ActiveCfg = Debug|Any CPU
		{23DCA0B5-2BD1-4ADB-805B-31AE935EE3DD}.Debug|Any CPU.Build.0 = Debug|Any CPU
		{23DCA0B5-2BD1-4ADB-805B-31AE935EE3DD}.Release|Any CPU.ActiveCfg = Release|Any CPU
		{23DCA0B5-2BD1-4ADB-805B-31AE935EE3DD}.Release|Any CPU.Build.0 = Release|Any CPU
		{23DCA0B5-2BD1-4ADB-805B-31AE935EE3DE}.Debug|Any CPU.ActiveCfg = Debug|Any CPU
		{23DCA0B5-2BD1-4ADB-805B-31AE935EE3DE}.Debug|Any CPU.Build.0 = Debug|Any CPU
		{23DCA0B5-2BD1-4ADB-805B-31AE935EE3DE}.Release|Any CPU.ActiveCfg = Release|Any CPU
		{23DCA0B5-2BD1-4ADB-805B-31AE935EE3DE}.Release|Any CPU.Build.0 = Release|Any CPU
		{23DCA0B5-2BD1-4ADB-805B-31AE935EE3DF}.Debug|Any CPU.ActiveCfg = Debug|Any CPU
		{23DCA0B5-2BD1-4ADB-805B-31AE935EE3DF}.Debug|Any CPU.Build.0 = Debug|Any CPU
		{23DCA0B5-2BD1-4ADB-805B-31AE935EE3DF}.Release|Any CPU.ActiveCfg = Release|Any CPU
		{23DCA0B5-2BD1-4ADB-805B-31AE935EE3DF}.Release|Any CPU.Build.0 = Release|Any CPU
		{23DCA0B5-2BD1-4ADB-805B-31AE935EE3E0}.Debug|Any CPU.ActiveCfg = Debug|Any CPU
		{23DCA0B5-2BD1-4ADB-805B-31AE935EE3E0}.Debug|Any CPU.Build.0 = Debug|Any CPU
		{23DCA0B5-2BD1-4ADB-805B-31AE935EE3E0}.Release|Any CPU.ActiveCfg = Release|Any CPU
		{23DCA0B5-2BD1-4ADB-805B-31AE935EE3E0}.Release|Any CPU.Build.0 = Release|Any CPU
		{23DCA0B5-2BD1-4ADB-805B-31AE935EE3E2}.Debug|Any CPU.ActiveCfg = Debug|Any CPU
		{23DCA0B5-2BD1-4ADB-805B-31AE935EE3E2}.Debug|Any CPU.Build.0 = Debug|Any CPU
		{23DCA0B5-2BD1-4ADB-805B-31AE935EE3E2}.Release|Any CPU.ActiveCfg = Release|Any CPU
		{23DCA0B5-2BD1-4ADB-805B-31AE935EE3E2}.Release|Any CPU.Build.0 = Release|Any CPU
		{23DCA0B5-2BD1-4ADB-805B-31AE935EE3E1}.Debug|Any CPU.ActiveCfg = Debug|Any CPU
		{23DCA0B5-2BD1-4ADB-805B-31AE935EE3E1}.Debug|Any CPU.Build.0 = Debug|Any CPU
		{23DCA0B5-2BD1-4ADB-805B-31AE935EE3E1}.Release|Any CPU.ActiveCfg = Release|Any CPU
		{23DCA0B5-2BD1-4ADB-805B-31AE935EE3E1}.Release|Any CPU.Build.0 = Release|Any CPU
		{23DCA0B5-2BD1-4ADB-805B-31AE935EE3E3}.Debug|Any CPU.ActiveCfg = Debug|Any CPU
		{23DCA0B5-2BD1-4ADB-805B-31AE935EE3E3}.Debug|Any CPU.Build.0 = Debug|Any CPU
		{23DCA0B5-2BD1-4ADB-805B-31AE935EE3E3}.Release|Any CPU.ActiveCfg = Release|Any CPU
		{23DCA0B5-2BD1-4ADB-805B-31AE935EE3E3}.Release|Any CPU.Build.0 = Release|Any CPU
		{23DCA0B5-2BD1-4ADB-805B-31AE935EE3E5}.Debug|Any CPU.ActiveCfg = Debug|Any CPU
		{23DCA0B5-2BD1-4ADB-805B-31AE935EE3E5}.Debug|Any CPU.Build.0 = Debug|Any CPU
		{23DCA0B5-2BD1-4ADB-805B-31AE935EE3E5}.Release|Any CPU.ActiveCfg = Release|Any CPU
		{23DCA0B5-2BD1-4ADB-805B-31AE935EE3E5}.Release|Any CPU.Build.0 = Release|Any CPU
		{23DCA0B5-2BD1-4ADB-805B-31AE935EE3E6}.Debug|Any CPU.ActiveCfg = Debug|Any CPU
		{23DCA0B5-2BD1-4ADB-805B-31AE935EE3E6}.Debug|Any CPU.Build.0 = Debug|Any CPU
		{23DCA0B5-2BD1-4ADB-805B-31AE935EE3E6}.Release|Any CPU.ActiveCfg = Release|Any CPU
		{23DCA0B5-2BD1-4ADB-805B-31AE935EE3E6}.Release|Any CPU.Build.0 = Release|Any CPU
		{23DCA0B5-2BD1-4ADB-805B-31AE935EE3E4}.Debug|Any CPU.ActiveCfg = Debug|Any CPU
		{23DCA0B5-2BD1-4ADB-805B-31AE935EE3E4}.Debug|Any CPU.Build.0 = Debug|Any CPU
		{23DCA0B5-2BD1-4ADB-805B-31AE935EE3E4}.Release|Any CPU.ActiveCfg = Release|Any CPU
		{23DCA0B5-2BD1-4ADB-805B-31AE935EE3E4}.Release|Any CPU.Build.0 = Release|Any CPU
		{23DCA0B5-2BD1-4ADB-805B-31AE935EE3E7}.Debug|Any CPU.ActiveCfg = Debug|Any CPU
		{23DCA0B5-2BD1-4ADB-805B-31AE935EE3E7}.Debug|Any CPU.Build.0 = Debug|Any CPU
		{23DCA0B5-2BD1-4ADB-805B-31AE935EE3E7}.Release|Any CPU.ActiveCfg = Release|Any CPU
		{23DCA0B5-2BD1-4ADB-805B-31AE935EE3E7}.Release|Any CPU.Build.0 = Release|Any CPU
	EndGlobalSection
	GlobalSection(SolutionProperties) = preSolution
		HideSolutionNode = FALSE
	EndGlobalSection
EndGlobal
